
Microsoft Visual Studio Solution File, Format Version 12.00
# Visual Studio 2012
Project("{FAE04EC0-301F-11D3-BF4B-00C04F79EFBC}") = "DAF.CMS.Site", "DAF.CMS.Site\DAF.CMS.Site.csproj", "{A91D9E8D-2630-49E1-B750-255FB275004B}"
EndProject
Global
	GlobalSection(SolutionConfigurationPlatforms) = preSolution
		Debug|Any CPU = Debug|Any CPU
		Release|Any CPU = Release|Any CPU
	EndGlobalSection
	GlobalSection(ProjectConfigurationPlatforms) = postSolution
		{A91D9E8D-2630-49E1-B750-255FB275004B}.Debug|Any CPU.ActiveCfg = Debug|Any CPU
		{A91D9E8D-2630-49E1-B750-255FB275004B}.Debug|Any CPU.Build.0 = Debug|Any CPU
		{A91D9E8D-2630-49E1-B750-255FB275004B}.Release|Any CPU.ActiveCfg = Release|Any CPU
		{A91D9E8D-2630-49E1-B750-255FB275004B}.Release|Any CPU.Build.0 = Release|Any CPU
	EndGlobalSection
	GlobalSection(SolutionProperties) = preSolution
		HideSolutionNode = FALSE
	EndGlobalSection
EndGlobal
