
Microsoft Visual Studio Solution File, Format Version 12.00
# Visual Studio 2012
Project("{2150E333-8FDC-42A3-9474-1A3956D46DE8}") = ".nuget", ".nuget", "{19582F87-D277-427F-B7AB-2817E6051466}"
EndProject
Project("{FAE04EC0-301F-11D3-BF4B-00C04F79EFBC}") = "NuGet", "..\NuGet\NuGet.csproj", "{89080056-9C27-4760-A4FA-D4E0500DF91E}"
EndProject
Project("{2150E333-8FDC-42A3-9474-1A3956D46DE8}") = "1. Core", "1. Core", "{C0826BBC-0E4A-46E2-AD37-C3EF488B303F}"
EndProject
Project("{2150E333-8FDC-42A3-9474-1A3956D46DE8}") = "2. Providers", "2. Providers", "{07EB6936-B335-4A07-8FAA-574D91BF0D43}"
EndProject
Project("{FAE04EC0-301F-11D3-BF4B-00C04F79EFBC}") = "DAF.Core", "DAF.Core\DAF.Core.csproj", "{BFD39D66-B5BC-44FF-989D-043379AA20B3}"
EndProject
Project("{FAE04EC0-301F-11D3-BF4B-00C04F79EFBC}") = "DAF.SSO", "DAF.SSO\DAF.SSO.csproj", "{78505638-B085-4930-8ADA-FB576BE7A663}"
EndProject
Project("{FAE04EC0-301F-11D3-BF4B-00C04F79EFBC}") = "DAF.Core.Data.BLToolkit", "DAF.Core.Data.BLToolkit\DAF.Core.Data.BLToolkit.csproj", "{CBCDBB09-C46E-414E-9EC5-CA629257D3E5}"
EndProject
Project("{FAE04EC0-301F-11D3-BF4B-00C04F79EFBC}") = "DAF.Core.Data.BLToolkit.Oracle", "DAF.Core.Data.BLToolkit.Oracle\DAF.Core.Data.BLToolkit.Oracle.csproj", "{B42F3F93-D79D-486F-A50F-2025BD1330D9}"
EndProject
Project("{FAE04EC0-301F-11D3-BF4B-00C04F79EFBC}") = "DAF.Core.Data.EF", "DAF.Core.Data.EF\DAF.Core.Data.EF.csproj", "{B263E3F7-A11C-44CF-9626-781FF0F5FBB2}"
EndProject
Project("{FAE04EC0-301F-11D3-BF4B-00C04F79EFBC}") = "DAF.Core.Map.EmitMapper", "DAF.Core.Map.EmitMapper\DAF.Core.Map.EmitMapper.csproj", "{B8C86978-7C54-403B-ABD7-4896CAFC6672}"
EndProject
Project("{FAE04EC0-301F-11D3-BF4B-00C04F79EFBC}") = "DAF.Core.Scheduling.Provider", "DAF.Core.Scheduling.Provider\DAF.Core.Scheduling.Provider.csproj", "{5B0D73BF-91CC-4EBA-9B87-360CF6BBB99D}"
EndProject
Project("{FAE04EC0-301F-11D3-BF4B-00C04F79EFBC}") = "DAF.SSO.LocalProvider", "DAF.SSO.LocalProvider\DAF.SSO.LocalProvider.csproj", "{B012BD5F-DF0E-4999-BFFA-CDE1A88EE661}"
EndProject
Project("{FAE04EC0-301F-11D3-BF4B-00C04F79EFBC}") = "DAF.SSO.WcfProvider", "DAF.SSO.WcfProvider\DAF.SSO.WcfProvider.csproj", "{768EECAC-95B3-48DB-BE98-B7C8A54A3DEF}"
EndProject
Project("{FAE04EC0-301F-11D3-BF4B-00C04F79EFBC}") = "DAF.Web", "DAF.Web\DAF.Web.csproj", "{FB29D29D-4ADC-43B9-8069-4A4D7A352D05}"
EndProject
Project("{FAE04EC0-301F-11D3-BF4B-00C04F79EFBC}") = "DAF.Web.Mvc", "DAF.Web.Mvc\DAF.Web.Mvc.csproj", "{976586F3-45B9-47B6-94C6-6B28B3C95F9E}"
EndProject
Project("{FAE04EC0-301F-11D3-BF4B-00C04F79EFBC}") = "DAF.Web.Api", "DAF.Web.Api\DAF.Web.Api.csproj", "{CFED280F-EE68-4581-8C56-9EFE22374D21}"
EndProject
Project("{FAE04EC0-301F-11D3-BF4B-00C04F79EFBC}") = "DAF.Core.Serialization.JsonNet", "DAF.Core.Serialization.JsonNet\DAF.Core.Serialization.JsonNet.csproj", "{B39C4064-E1A7-4DDC-8C52-49AAC8B26058}"
EndProject
Project("{FAE04EC0-301F-11D3-BF4B-00C04F79EFBC}") = "DAF.Core.ServiceBus", "DAF.Core.ServiceBus\DAF.Core.ServiceBus.csproj", "{1571EAD7-F33D-46E1-B8E5-FF7190CF5626}"
EndProject
Project("{FAE04EC0-301F-11D3-BF4B-00C04F79EFBC}") = "DAF.Core.ServiceBus.CommonMessageHandlers", "DAF.Core.ServiceBus.CommonMessageHandlers\DAF.Core.ServiceBus.CommonMessageHandlers.csproj", "{20D6769A-00FF-4C80-9BA7-943DACF33809}"
EndProject
Project("{FAE04EC0-301F-11D3-BF4B-00C04F79EFBC}") = "DAF.Core.Template.RazorTemplates", "DAF.Core.Template.RazorTemplates\DAF.Core.Template.RazorTemplates.csproj", "{9E51C565-E85B-44F1-ACFE-81AE04D8E027}"
EndProject
Project("{FAE04EC0-301F-11D3-BF4B-00C04F79EFBC}") = "DAF.Social", "DAF.Social\DAF.Social.csproj", "{F3AA3EC2-FDE2-4375-AFDD-5561CF7EB4DA}"
EndProject
Project("{FAE04EC0-301F-11D3-BF4B-00C04F79EFBC}") = "DAF.Social.LocalProvider", "DAF.Social.LocalProvider\DAF.Social.LocalProvider.csproj", "{D5DD0099-D2B2-4835-A5FC-93FE1E63D88A}"
EndProject
Project("{FAE04EC0-301F-11D3-BF4B-00C04F79EFBC}") = "DAF.Core.Search.Lucene", "DAF.Core.Search.Lucene\DAF.Core.Search.Lucene.csproj", "{17A931B0-872E-4585-B254-8D9A5C8939DE}"
EndProject
Project("{2150E333-8FDC-42A3-9474-1A3956D46DE8}") = "9. Test", "9. Test", "{B9331AF3-9AEC-4C01-829C-2E44EE144FBA}"
EndProject
Project("{FAE04EC0-301F-11D3-BF4B-00C04F79EFBC}") = "DAF.Core.Search.LuceneTest", "DAF.Core.Search.LuceneTest\DAF.Core.Search.LuceneTest.csproj", "{3305A0DC-40DD-4AE4-A4B2-1328AC3A935D}"
EndProject
Project("{2150E333-8FDC-42A3-9474-1A3956D46DE8}") = "Providers", "Providers", "{770F52AA-147A-4D97-B7C5-F3D1728CC5CC}"
EndProject
Project("{FAE04EC0-301F-11D3-BF4B-00C04F79EFBC}") = "DAF.Core.Data.MongoDb", "DAF.Core.Data.MongoDb\DAF.Core.Data.MongoDb.csproj", "{16960E45-9ADA-4BA4-A3FF-3FBE700FBA62}"
EndProject
Global
	GlobalSection(SolutionConfigurationPlatforms) = preSolution
		Debug|Any CPU = Debug|Any CPU
		Release|Any CPU = Release|Any CPU
	EndGlobalSection
	GlobalSection(ProjectConfigurationPlatforms) = postSolution
		{89080056-9C27-4760-A4FA-D4E0500DF91E}.Debug|Any CPU.ActiveCfg = Debug|Any CPU
		{89080056-9C27-4760-A4FA-D4E0500DF91E}.Debug|Any CPU.Build.0 = Debug|Any CPU
		{89080056-9C27-4760-A4FA-D4E0500DF91E}.Release|Any CPU.ActiveCfg = Release|Any CPU
		{89080056-9C27-4760-A4FA-D4E0500DF91E}.Release|Any CPU.Build.0 = Release|Any CPU
		{BFD39D66-B5BC-44FF-989D-043379AA20B3}.Debug|Any CPU.ActiveCfg = Debug|Any CPU
		{BFD39D66-B5BC-44FF-989D-043379AA20B3}.Debug|Any CPU.Build.0 = Debug|Any CPU
		{BFD39D66-B5BC-44FF-989D-043379AA20B3}.Release|Any CPU.ActiveCfg = Release|Any CPU
		{BFD39D66-B5BC-44FF-989D-043379AA20B3}.Release|Any CPU.Build.0 = Release|Any CPU
		{78505638-B085-4930-8ADA-FB576BE7A663}.Debug|Any CPU.ActiveCfg = Debug|Any CPU
		{78505638-B085-4930-8ADA-FB576BE7A663}.Debug|Any CPU.Build.0 = Debug|Any CPU
		{78505638-B085-4930-8ADA-FB576BE7A663}.Release|Any CPU.ActiveCfg = Release|Any CPU
		{78505638-B085-4930-8ADA-FB576BE7A663}.Release|Any CPU.Build.0 = Release|Any CPU
		{CBCDBB09-C46E-414E-9EC5-CA629257D3E5}.Debug|Any CPU.ActiveCfg = Debug|Any CPU
		{CBCDBB09-C46E-414E-9EC5-CA629257D3E5}.Debug|Any CPU.Build.0 = Debug|Any CPU
		{CBCDBB09-C46E-414E-9EC5-CA629257D3E5}.Release|Any CPU.ActiveCfg = Release|Any CPU
		{CBCDBB09-C46E-414E-9EC5-CA629257D3E5}.Release|Any CPU.Build.0 = Release|Any CPU
		{B42F3F93-D79D-486F-A50F-2025BD1330D9}.Debug|Any CPU.ActiveCfg = Debug|Any CPU
		{B42F3F93-D79D-486F-A50F-2025BD1330D9}.Debug|Any CPU.Build.0 = Debug|Any CPU
		{B42F3F93-D79D-486F-A50F-2025BD1330D9}.Release|Any CPU.ActiveCfg = Release|Any CPU
		{B42F3F93-D79D-486F-A50F-2025BD1330D9}.Release|Any CPU.Build.0 = Release|Any CPU
		{B263E3F7-A11C-44CF-9626-781FF0F5FBB2}.Debug|Any CPU.ActiveCfg = Debug|Any CPU
		{B263E3F7-A11C-44CF-9626-781FF0F5FBB2}.Debug|Any CPU.Build.0 = Debug|Any CPU
		{B263E3F7-A11C-44CF-9626-781FF0F5FBB2}.Release|Any CPU.ActiveCfg = Release|Any CPU
		{B263E3F7-A11C-44CF-9626-781FF0F5FBB2}.Release|Any CPU.Build.0 = Release|Any CPU
		{B8C86978-7C54-403B-ABD7-4896CAFC6672}.Debug|Any CPU.ActiveCfg = Debug|Any CPU
		{B8C86978-7C54-403B-ABD7-4896CAFC6672}.Debug|Any CPU.Build.0 = Debug|Any CPU
		{B8C86978-7C54-403B-ABD7-4896CAFC6672}.Release|Any CPU.ActiveCfg = Release|Any CPU
		{B8C86978-7C54-403B-ABD7-4896CAFC6672}.Release|Any CPU.Build.0 = Release|Any CPU
		{5B0D73BF-91CC-4EBA-9B87-360CF6BBB99D}.Debug|Any CPU.ActiveCfg = Debug|Any CPU
		{5B0D73BF-91CC-4EBA-9B87-360CF6BBB99D}.Debug|Any CPU.Build.0 = Debug|Any CPU
		{5B0D73BF-91CC-4EBA-9B87-360CF6BBB99D}.Release|Any CPU.ActiveCfg = Release|Any CPU
		{5B0D73BF-91CC-4EBA-9B87-360CF6BBB99D}.Release|Any CPU.Build.0 = Release|Any CPU
		{B012BD5F-DF0E-4999-BFFA-CDE1A88EE661}.Debug|Any CPU.ActiveCfg = Debug|Any CPU
		{B012BD5F-DF0E-4999-BFFA-CDE1A88EE661}.Debug|Any CPU.Build.0 = Debug|Any CPU
		{B012BD5F-DF0E-4999-BFFA-CDE1A88EE661}.Release|Any CPU.ActiveCfg = Release|Any CPU
		{B012BD5F-DF0E-4999-BFFA-CDE1A88EE661}.Release|Any CPU.Build.0 = Release|Any CPU
		{768EECAC-95B3-48DB-BE98-B7C8A54A3DEF}.Debug|Any CPU.ActiveCfg = Debug|Any CPU
		{768EECAC-95B3-48DB-BE98-B7C8A54A3DEF}.Debug|Any CPU.Build.0 = Debug|Any CPU
		{768EECAC-95B3-48DB-BE98-B7C8A54A3DEF}.Release|Any CPU.ActiveCfg = Release|Any CPU
		{768EECAC-95B3-48DB-BE98-B7C8A54A3DEF}.Release|Any CPU.Build.0 = Release|Any CPU
		{FB29D29D-4ADC-43B9-8069-4A4D7A352D05}.Debug|Any CPU.ActiveCfg = Debug|Any CPU
		{FB29D29D-4ADC-43B9-8069-4A4D7A352D05}.Debug|Any CPU.Build.0 = Debug|Any CPU
		{FB29D29D-4ADC-43B9-8069-4A4D7A352D05}.Release|Any CPU.ActiveCfg = Release|Any CPU
		{FB29D29D-4ADC-43B9-8069-4A4D7A352D05}.Release|Any CPU.Build.0 = Release|Any CPU
		{976586F3-45B9-47B6-94C6-6B28B3C95F9E}.Debug|Any CPU.ActiveCfg = Debug|Any CPU
		{976586F3-45B9-47B6-94C6-6B28B3C95F9E}.Debug|Any CPU.Build.0 = Debug|Any CPU
		{976586F3-45B9-47B6-94C6-6B28B3C95F9E}.Release|Any CPU.ActiveCfg = Release|Any CPU
		{976586F3-45B9-47B6-94C6-6B28B3C95F9E}.Release|Any CPU.Build.0 = Release|Any CPU
		{CFED280F-EE68-4581-8C56-9EFE22374D21}.Debug|Any CPU.ActiveCfg = Debug|Any CPU
		{CFED280F-EE68-4581-8C56-9EFE22374D21}.Debug|Any CPU.Build.0 = Debug|Any CPU
		{CFED280F-EE68-4581-8C56-9EFE22374D21}.Release|Any CPU.ActiveCfg = Release|Any CPU
		{CFED280F-EE68-4581-8C56-9EFE22374D21}.Release|Any CPU.Build.0 = Release|Any CPU
		{B39C4064-E1A7-4DDC-8C52-49AAC8B26058}.Debug|Any CPU.ActiveCfg = Debug|Any CPU
		{B39C4064-E1A7-4DDC-8C52-49AAC8B26058}.Debug|Any CPU.Build.0 = Debug|Any CPU
		{B39C4064-E1A7-4DDC-8C52-49AAC8B26058}.Release|Any CPU.ActiveCfg = Release|Any CPU
		{B39C4064-E1A7-4DDC-8C52-49AAC8B26058}.Release|Any CPU.Build.0 = Release|Any CPU
		{1571EAD7-F33D-46E1-B8E5-FF7190CF5626}.Debug|Any CPU.ActiveCfg = Debug|Any CPU
		{1571EAD7-F33D-46E1-B8E5-FF7190CF5626}.Debug|Any CPU.Build.0 = Debug|Any CPU
		{1571EAD7-F33D-46E1-B8E5-FF7190CF5626}.Release|Any CPU.ActiveCfg = Release|Any CPU
		{1571EAD7-F33D-46E1-B8E5-FF7190CF5626}.Release|Any CPU.Build.0 = Release|Any CPU
		{20D6769A-00FF-4C80-9BA7-943DACF33809}.Debug|Any CPU.ActiveCfg = Debug|Any CPU
		{20D6769A-00FF-4C80-9BA7-943DACF33809}.Debug|Any CPU.Build.0 = Debug|Any CPU
		{20D6769A-00FF-4C80-9BA7-943DACF33809}.Release|Any CPU.ActiveCfg = Release|Any CPU
		{20D6769A-00FF-4C80-9BA7-943DACF33809}.Release|Any CPU.Build.0 = Release|Any CPU
		{9E51C565-E85B-44F1-ACFE-81AE04D8E027}.Debug|Any CPU.ActiveCfg = Debug|Any CPU
		{9E51C565-E85B-44F1-ACFE-81AE04D8E027}.Debug|Any CPU.Build.0 = Debug|Any CPU
		{9E51C565-E85B-44F1-ACFE-81AE04D8E027}.Release|Any CPU.ActiveCfg = Release|Any CPU
		{9E51C565-E85B-44F1-ACFE-81AE04D8E027}.Release|Any CPU.Build.0 = Release|Any CPU
		{F3AA3EC2-FDE2-4375-AFDD-5561CF7EB4DA}.Debug|Any CPU.ActiveCfg = Debug|Any CPU
		{F3AA3EC2-FDE2-4375-AFDD-5561CF7EB4DA}.Debug|Any CPU.Build.0 = Debug|Any CPU
		{F3AA3EC2-FDE2-4375-AFDD-5561CF7EB4DA}.Release|Any CPU.ActiveCfg = Release|Any CPU
		{F3AA3EC2-FDE2-4375-AFDD-5561CF7EB4DA}.Release|Any CPU.Build.0 = Release|Any CPU
		{D5DD0099-D2B2-4835-A5FC-93FE1E63D88A}.Debug|Any CPU.ActiveCfg = Debug|Any CPU
		{D5DD0099-D2B2-4835-A5FC-93FE1E63D88A}.Debug|Any CPU.Build.0 = Debug|Any CPU
		{D5DD0099-D2B2-4835-A5FC-93FE1E63D88A}.Release|Any CPU.ActiveCfg = Release|Any CPU
		{D5DD0099-D2B2-4835-A5FC-93FE1E63D88A}.Release|Any CPU.Build.0 = Release|Any CPU
		{17A931B0-872E-4585-B254-8D9A5C8939DE}.Debug|Any CPU.ActiveCfg = Debug|Any CPU
		{17A931B0-872E-4585-B254-8D9A5C8939DE}.Debug|Any CPU.Build.0 = Debug|Any CPU
		{17A931B0-872E-4585-B254-8D9A5C8939DE}.Release|Any CPU.ActiveCfg = Release|Any CPU
		{17A931B0-872E-4585-B254-8D9A5C8939DE}.Release|Any CPU.Build.0 = Release|Any CPU
		{3305A0DC-40DD-4AE4-A4B2-1328AC3A935D}.Debug|Any CPU.ActiveCfg = Debug|Any CPU
		{3305A0DC-40DD-4AE4-A4B2-1328AC3A935D}.Debug|Any CPU.Build.0 = Debug|Any CPU
		{3305A0DC-40DD-4AE4-A4B2-1328AC3A935D}.Release|Any CPU.ActiveCfg = Release|Any CPU
		{3305A0DC-40DD-4AE4-A4B2-1328AC3A935D}.Release|Any CPU.Build.0 = Release|Any CPU
		{16960E45-9ADA-4BA4-A3FF-3FBE700FBA62}.Debug|Any CPU.ActiveCfg = Debug|Any CPU
		{16960E45-9ADA-4BA4-A3FF-3FBE700FBA62}.Debug|Any CPU.Build.0 = Debug|Any CPU
		{16960E45-9ADA-4BA4-A3FF-3FBE700FBA62}.Release|Any CPU.ActiveCfg = Release|Any CPU
		{16960E45-9ADA-4BA4-A3FF-3FBE700FBA62}.Release|Any CPU.Build.0 = Release|Any CPU
	EndGlobalSection
	GlobalSection(SolutionProperties) = preSolution
		HideSolutionNode = FALSE
	EndGlobalSection
	GlobalSection(NestedProjects) = preSolution
		{89080056-9C27-4760-A4FA-D4E0500DF91E} = {19582F87-D277-427F-B7AB-2817E6051466}
		{BFD39D66-B5BC-44FF-989D-043379AA20B3} = {C0826BBC-0E4A-46E2-AD37-C3EF488B303F}
		{78505638-B085-4930-8ADA-FB576BE7A663} = {C0826BBC-0E4A-46E2-AD37-C3EF488B303F}
		{FB29D29D-4ADC-43B9-8069-4A4D7A352D05} = {C0826BBC-0E4A-46E2-AD37-C3EF488B303F}
		{976586F3-45B9-47B6-94C6-6B28B3C95F9E} = {C0826BBC-0E4A-46E2-AD37-C3EF488B303F}
		{CFED280F-EE68-4581-8C56-9EFE22374D21} = {C0826BBC-0E4A-46E2-AD37-C3EF488B303F}
		{F3AA3EC2-FDE2-4375-AFDD-5561CF7EB4DA} = {C0826BBC-0E4A-46E2-AD37-C3EF488B303F}
		{CBCDBB09-C46E-414E-9EC5-CA629257D3E5} = {07EB6936-B335-4A07-8FAA-574D91BF0D43}
		{B42F3F93-D79D-486F-A50F-2025BD1330D9} = {07EB6936-B335-4A07-8FAA-574D91BF0D43}
		{B263E3F7-A11C-44CF-9626-781FF0F5FBB2} = {07EB6936-B335-4A07-8FAA-574D91BF0D43}
		{B8C86978-7C54-403B-ABD7-4896CAFC6672} = {07EB6936-B335-4A07-8FAA-574D91BF0D43}
		{5B0D73BF-91CC-4EBA-9B87-360CF6BBB99D} = {07EB6936-B335-4A07-8FAA-574D91BF0D43}
		{B012BD5F-DF0E-4999-BFFA-CDE1A88EE661} = {07EB6936-B335-4A07-8FAA-574D91BF0D43}
		{768EECAC-95B3-48DB-BE98-B7C8A54A3DEF} = {07EB6936-B335-4A07-8FAA-574D91BF0D43}
		{B39C4064-E1A7-4DDC-8C52-49AAC8B26058} = {07EB6936-B335-4A07-8FAA-574D91BF0D43}
		{1571EAD7-F33D-46E1-B8E5-FF7190CF5626} = {07EB6936-B335-4A07-8FAA-574D91BF0D43}
		{20D6769A-00FF-4C80-9BA7-943DACF33809} = {07EB6936-B335-4A07-8FAA-574D91BF0D43}
		{9E51C565-E85B-44F1-ACFE-81AE04D8E027} = {07EB6936-B335-4A07-8FAA-574D91BF0D43}
		{D5DD0099-D2B2-4835-A5FC-93FE1E63D88A} = {07EB6936-B335-4A07-8FAA-574D91BF0D43}
		{17A931B0-872E-4585-B254-8D9A5C8939DE} = {07EB6936-B335-4A07-8FAA-574D91BF0D43}
		{16960E45-9ADA-4BA4-A3FF-3FBE700FBA62} = {07EB6936-B335-4A07-8FAA-574D91BF0D43}
		{770F52AA-147A-4D97-B7C5-F3D1728CC5CC} = {B9331AF3-9AEC-4C01-829C-2E44EE144FBA}
		{3305A0DC-40DD-4AE4-A4B2-1328AC3A935D} = {770F52AA-147A-4D97-B7C5-F3D1728CC5CC}
	EndGlobalSection
EndGlobal
